
Microsoft Visual Studio Solution File, Format Version 12.00
# Visual Studio Version 17
VisualStudioVersion = 17.0.31903.59
MinimumVisualStudioVersion = 10.0.40219.1
Project("{2150E333-8FDC-42A3-9474-1A3956D46DE8}") = "src", "src", "{827E0CD3-B72D-47B6-A68D-7590B98EB39B}"
EndProject
Project("{2150E333-8FDC-42A3-9474-1A3956D46DE8}") = "API", "API", "{81034408-37C8-1011-444E-4C15C2FADA8E}"
EndProject
Project("{FAE04EC0-301F-11D3-BF4B-00C04F79EFBC}") = "QaTestCaseHub.API", "src\API\QaTestCaseHub.API.csproj", "{640057AE-52B7-4A41-BED6-72304AF02A0F}"
EndProject
Project("{2150E333-8FDC-42A3-9474-1A3956D46DE8}") = "Shared", "Shared", "{C8E42992-5E42-0C2B-DBFE-AA848D06431C}"
EndProject
Project("{FAE04EC0-301F-11D3-BF4B-00C04F79EFBC}") = "QaTestCaseHub.Shared.Abstractions", "src\Shared\QaTestCaseHub.Shared.Abstractions\QaTestCaseHub.Shared.Abstractions.csproj", "{F479FE17-87EF-422F-9906-2D5EC1DBE19C}"
EndProject
Project("{FAE04EC0-301F-11D3-BF4B-00C04F79EFBC}") = "QaTestCaseHub.Shared.Contracts", "src\Shared\QaTestCaseHub.Shared.Contracts\QaTestCaseHub.Shared.Contracts.csproj", "{EB011FFF-8DDA-40EA-9E44-6DCF59D3BA63}"
EndProject
Project("{FAE04EC0-301F-11D3-BF4B-00C04F79EFBC}") = "QaTestCaseHub.Shared.Infrastructure", "src\Shared\QaTestCaseHub.Shared.Infrastructure\QaTestCaseHub.Shared.Infrastructure.csproj", "{CAACB5CA-C373-45FF-86B3-CE83550DAB62}"
EndProject
Project("{2150E333-8FDC-42A3-9474-1A3956D46DE8}") = "Modules", "Modules", "{EC447DCF-ABFA-6E24-52A5-D7FD48A5C558}"
EndProject
Project("{2150E333-8FDC-42A3-9474-1A3956D46DE8}") = "TestCases", "TestCases", "{2432F46A-42A5-275F-FDC5-C84427A302F0}"
EndProject
Project("{FAE04EC0-301F-11D3-BF4B-00C04F79EFBC}") = "QaTestCaseHub.Modules.TestCases.Domain", "src\Modules\TestCases\QaTestCaseHub.Modules.TestCases.Domain\QaTestCaseHub.Modules.TestCases.Domain.csproj", "{0CFC134E-19E0-44C0-BD1F-D6B23B061076}"
EndProject
Project("{FAE04EC0-301F-11D3-BF4B-00C04F79EFBC}") = "QaTestCaseHub.Modules.TestCases.Application", "src\Modules\TestCases\QaTestCaseHub.Modules.TestCases.Application\QaTestCaseHub.Modules.TestCases.Application.csproj", "{5AABFC5C-9BDE-4FF6-A2DD-A5F110173B87}"
EndProject
Project("{FAE04EC0-301F-11D3-BF4B-00C04F79EFBC}") = "QaTestCaseHub.Modules.TestCases.Infrastructure", "src\Modules\TestCases\QaTestCaseHub.Modules.TestCases.Infrastructure\QaTestCaseHub.Modules.TestCases.Infrastructure.csproj", "{C1BF241F-AF44-4923-BFFF-8C729289218C}"
EndProject
Project("{2150E333-8FDC-42A3-9474-1A3956D46DE8}") = "Executions", "Executions", "{74F326FE-6E33-A37D-9E67-C78EBBA03B12}"
EndProject
Project("{FAE04EC0-301F-11D3-BF4B-00C04F79EFBC}") = "QaTestCaseHub.Modules.Executions.Domain", "src\Modules\Executions\QaTestCaseHub.Modules.Executions.Domain\QaTestCaseHub.Modules.Executions.Domain.csproj", "{0C200E8C-EFE2-40C6-8ED7-641D5CB3F2A0}"
EndProject
Project("{FAE04EC0-301F-11D3-BF4B-00C04F79EFBC}") = "QaTestCaseHub.Modules.Executions.Application", "src\Modules\Executions\QaTestCaseHub.Modules.Executions.Application\QaTestCaseHub.Modules.Executions.Application.csproj", "{A0607B20-1F64-4F45-89D7-0403112C7094}"
EndProject
Project("{FAE04EC0-301F-11D3-BF4B-00C04F79EFBC}") = "QaTestCaseHub.Modules.Executions.Infrastructure", "src\Modules\Executions\QaTestCaseHub.Modules.Executions.Infrastructure\QaTestCaseHub.Modules.Executions.Infrastructure.csproj", "{2F422503-4550-4000-8263-1E3DDBC7F867}"
EndProject
Project("{2150E333-8FDC-42A3-9474-1A3956D46DE8}") = "Dashboard", "Dashboard", "{9BF2A726-9349-1429-64E4-F5B69F0CD98D}"
EndProject
Project("{FAE04EC0-301F-11D3-BF4B-00C04F79EFBC}") = "QaTestCaseHub.Modules.Dashboard.Domain", "src\Modules\Dashboard\QaTestCaseHub.Modules.Dashboard.Domain\QaTestCaseHub.Modules.Dashboard.Domain.csproj", "{38023351-0E30-4F5B-A4BF-ABCA2148B98C}"
EndProject
Project("{FAE04EC0-301F-11D3-BF4B-00C04F79EFBC}") = "QaTestCaseHub.Modules.Dashboard.Application", "src\Modules\Dashboard\QaTestCaseHub.Modules.Dashboard.Application\QaTestCaseHub.Modules.Dashboard.Application.csproj", "{18D38FBD-D4F2-484A-ADD4-DA6D57B28F89}"
EndProject
Project("{FAE04EC0-301F-11D3-BF4B-00C04F79EFBC}") = "QaTestCaseHub.Modules.Dashboard.Infrastructure", "src\Modules\Dashboard\QaTestCaseHub.Modules.Dashboard.Infrastructure\QaTestCaseHub.Modules.Dashboard.Infrastructure.csproj", "{566CFC58-0A8F-4BA6-A562-CA55098CA975}"
EndProject
Project("{2150E333-8FDC-42A3-9474-1A3956D46DE8}") = "tests", "tests", "{0AB3BF05-4346-4AA6-1389-037BE0695223}"
EndProject
Project("{FAE04EC0-301F-11D3-BF4B-00C04F79EFBC}") = "QaTestCaseHub.Tests", "tests\QaTestCaseHub.Tests\QaTestCaseHub.Tests.csproj", "{9C4014A6-F00D-409B-ABA4-FE59DC384E9D}"
EndProject
Global
	GlobalSection(SolutionConfigurationPlatforms) = preSolution
		Debug|Any CPU = Debug|Any CPU
		Debug|x64 = Debug|x64
		Debug|x86 = Debug|x86
		Release|Any CPU = Release|Any CPU
		Release|x64 = Release|x64
		Release|x86 = Release|x86
	EndGlobalSection
	GlobalSection(ProjectConfigurationPlatforms) = postSolution
		{640057AE-52B7-4A41-BED6-72304AF02A0F}.Debug|Any CPU.ActiveCfg = Debug|Any CPU
		{640057AE-52B7-4A41-BED6-72304AF02A0F}.Debug|Any CPU.Build.0 = Debug|Any CPU
		{640057AE-52B7-4A41-BED6-72304AF02A0F}.Debug|x64.ActiveCfg = Debug|Any CPU
		{640057AE-52B7-4A41-BED6-72304AF02A0F}.Debug|x64.Build.0 = Debug|Any CPU
		{640057AE-52B7-4A41-BED6-72304AF02A0F}.Debug|x86.ActiveCfg = Debug|Any CPU
		{640057AE-52B7-4A41-BED6-72304AF02A0F}.Debug|x86.Build.0 = Debug|Any CPU
		{640057AE-52B7-4A41-BED6-72304AF02A0F}.Release|Any CPU.ActiveCfg = Release|Any CPU
		{640057AE-52B7-4A41-BED6-72304AF02A0F}.Release|Any CPU.Build.0 = Release|Any CPU
		{640057AE-52B7-4A41-BED6-72304AF02A0F}.Release|x64.ActiveCfg = Release|Any CPU
		{640057AE-52B7-4A41-BED6-72304AF02A0F}.Release|x64.Build.0 = Release|Any CPU
		{640057AE-52B7-4A41-BED6-72304AF02A0F}.Release|x86.ActiveCfg = Release|Any CPU
		{640057AE-52B7-4A41-BED6-72304AF02A0F}.Release|x86.Build.0 = Release|Any CPU
		{F479FE17-87EF-422F-9906-2D5EC1DBE19C}.Debug|Any CPU.ActiveCfg = Debug|Any CPU
		{F479FE17-87EF-422F-9906-2D5EC1DBE19C}.Debug|Any CPU.Build.0 = Debug|Any CPU
		{F479FE17-87EF-422F-9906-2D5EC1DBE19C}.Debug|x64.ActiveCfg = Debug|Any CPU
		{F479FE17-87EF-422F-9906-2D5EC1DBE19C}.Debug|x64.Build.0 = Debug|Any CPU
		{F479FE17-87EF-422F-9906-2D5EC1DBE19C}.Debug|x86.ActiveCfg = Debug|Any CPU
		{F479FE17-87EF-422F-9906-2D5EC1DBE19C}.Debug|x86.Build.0 = Debug|Any CPU
		{F479FE17-87EF-422F-9906-2D5EC1DBE19C}.Release|Any CPU.ActiveCfg = Release|Any CPU
		{F479FE17-87EF-422F-9906-2D5EC1DBE19C}.Release|Any CPU.Build.0 = Release|Any CPU
		{F479FE17-87EF-422F-9906-2D5EC1DBE19C}.Release|x64.ActiveCfg = Release|Any CPU
		{F479FE17-87EF-422F-9906-2D5EC1DBE19C}.Release|x64.Build.0 = Release|Any CPU
		{F479FE17-87EF-422F-9906-2D5EC1DBE19C}.Release|x86.ActiveCfg = Release|Any CPU
		{F479FE17-87EF-422F-9906-2D5EC1DBE19C}.Release|x86.Build.0 = Release|Any CPU
		{EB011FFF-8DDA-40EA-9E44-6DCF59D3BA63}.Debug|Any CPU.ActiveCfg = Debug|Any CPU
		{EB011FFF-8DDA-40EA-9E44-6DCF59D3BA63}.Debug|Any CPU.Build.0 = Debug|Any CPU
		{EB011FFF-8DDA-40EA-9E44-6DCF59D3BA63}.Debug|x64.ActiveCfg = Debug|Any CPU
		{EB011FFF-8DDA-40EA-9E44-6DCF59D3BA63}.Debug|x64.Build.0 = Debug|Any CPU
		{EB011FFF-8DDA-40EA-9E44-6DCF59D3BA63}.Debug|x86.ActiveCfg = Debug|Any CPU
		{EB011FFF-8DDA-40EA-9E44-6DCF59D3BA63}.Debug|x86.Build.0 = Debug|Any CPU
		{EB011FFF-8DDA-40EA-9E44-6DCF59D3BA63}.Release|Any CPU.ActiveCfg = Release|Any CPU
		{EB011FFF-8DDA-40EA-9E44-6DCF59D3BA63}.Release|Any CPU.Build.0 = Release|Any CPU
		{EB011FFF-8DDA-40EA-9E44-6DCF59D3BA63}.Release|x64.ActiveCfg = Release|Any CPU
		{EB011FFF-8DDA-40EA-9E44-6DCF59D3BA63}.Release|x64.Build.0 = Release|Any CPU
		{EB011FFF-8DDA-40EA-9E44-6DCF59D3BA63}.Release|x86.ActiveCfg = Release|Any CPU
		{EB011FFF-8DDA-40EA-9E44-6DCF59D3BA63}.Release|x86.Build.0 = Release|Any CPU
		{CAACB5CA-C373-45FF-86B3-CE83550DAB62}.Debug|Any CPU.ActiveCfg = Debug|Any CPU
		{CAACB5CA-C373-45FF-86B3-CE83550DAB62}.Debug|Any CPU.Build.0 = Debug|Any CPU
		{CAACB5CA-C373-45FF-86B3-CE83550DAB62}.Debug|x64.ActiveCfg = Debug|Any CPU
		{CAACB5CA-C373-45FF-86B3-CE83550DAB62}.Debug|x64.Build.0 = Debug|Any CPU
		{CAACB5CA-C373-45FF-86B3-CE83550DAB62}.Debug|x86.ActiveCfg = Debug|Any CPU
		{CAACB5CA-C373-45FF-86B3-CE83550DAB62}.Debug|x86.Build.0 = Debug|Any CPU
		{CAACB5CA-C373-45FF-86B3-CE83550DAB62}.Release|Any CPU.ActiveCfg = Release|Any CPU
		{CAACB5CA-C373-45FF-86B3-CE83550DAB62}.Release|Any CPU.Build.0 = Release|Any CPU
		{CAACB5CA-C373-45FF-86B3-CE83550DAB62}.Release|x64.ActiveCfg = Release|Any CPU
		{CAACB5CA-C373-45FF-86B3-CE83550DAB62}.Release|x64.Build.0 = Release|Any CPU
		{CAACB5CA-C373-45FF-86B3-CE83550DAB62}.Release|x86.ActiveCfg = Release|Any CPU
		{CAACB5CA-C373-45FF-86B3-CE83550DAB62}.Release|x86.Build.0 = Release|Any CPU
		{0CFC134E-19E0-44C0-BD1F-D6B23B061076}.Debug|Any CPU.ActiveCfg = Debug|Any CPU
		{0CFC134E-19E0-44C0-BD1F-D6B23B061076}.Debug|Any CPU.Build.0 = Debug|Any CPU
		{0CFC134E-19E0-44C0-BD1F-D6B23B061076}.Debug|x64.ActiveCfg = Debug|Any CPU
		{0CFC134E-19E0-44C0-BD1F-D6B23B061076}.Debug|x64.Build.0 = Debug|Any CPU
		{0CFC134E-19E0-44C0-BD1F-D6B23B061076}.Debug|x86.ActiveCfg = Debug|Any CPU
		{0CFC134E-19E0-44C0-BD1F-D6B23B061076}.Debug|x86.Build.0 = Debug|Any CPU
		{0CFC134E-19E0-44C0-BD1F-D6B23B061076}.Release|Any CPU.ActiveCfg = Release|Any CPU
		{0CFC134E-19E0-44C0-BD1F-D6B23B061076}.Release|Any CPU.Build.0 = Release|Any CPU
		{0CFC134E-19E0-44C0-BD1F-D6B23B061076}.Release|x64.ActiveCfg = Release|Any CPU
		{0CFC134E-19E0-44C0-BD1F-D6B23B061076}.Release|x64.Build.0 = Release|Any CPU
		{0CFC134E-19E0-44C0-BD1F-D6B23B061076}.Release|x86.ActiveCfg = Release|Any CPU
		{0CFC134E-19E0-44C0-BD1F-D6B23B061076}.Release|x86.Build.0 = Release|Any CPU
		{5AABFC5C-9BDE-4FF6-A2DD-A5F110173B87}.Debug|Any CPU.ActiveCfg = Debug|Any CPU
		{5AABFC5C-9BDE-4FF6-A2DD-A5F110173B87}.Debug|Any CPU.Build.0 = Debug|Any CPU
		{5AABFC5C-9BDE-4FF6-A2DD-A5F110173B87}.Debug|x64.ActiveCfg = Debug|Any CPU
		{5AABFC5C-9BDE-4FF6-A2DD-A5F110173B87}.Debug|x64.Build.0 = Debug|Any CPU
		{5AABFC5C-9BDE-4FF6-A2DD-A5F110173B87}.Debug|x86.ActiveCfg = Debug|Any CPU
		{5AABFC5C-9BDE-4FF6-A2DD-A5F110173B87}.Debug|x86.Build.0 = Debug|Any CPU
		{5AABFC5C-9BDE-4FF6-A2DD-A5F110173B87}.Release|Any CPU.ActiveCfg = Release|Any CPU
		{5AABFC5C-9BDE-4FF6-A2DD-A5F110173B87}.Release|Any CPU.Build.0 = Release|Any CPU
		{5AABFC5C-9BDE-4FF6-A2DD-A5F110173B87}.Release|x64.ActiveCfg = Release|Any CPU
		{5AABFC5C-9BDE-4FF6-A2DD-A5F110173B87}.Release|x64.Build.0 = Release|Any CPU
		{5AABFC5C-9BDE-4FF6-A2DD-A5F110173B87}.Release|x86.ActiveCfg = Release|Any CPU
		{5AABFC5C-9BDE-4FF6-A2DD-A5F110173B87}.Release|x86.Build.0 = Release|Any CPU
		{C1BF241F-AF44-4923-BFFF-8C729289218C}.Debug|Any CPU.ActiveCfg = Debug|Any CPU
		{C1BF241F-AF44-4923-BFFF-8C729289218C}.Debug|Any CPU.Build.0 = Debug|Any CPU
		{C1BF241F-AF44-4923-BFFF-8C729289218C}.Debug|x64.ActiveCfg = Debug|Any CPU
		{C1BF241F-AF44-4923-BFFF-8C729289218C}.Debug|x64.Build.0 = Debug|Any CPU
		{C1BF241F-AF44-4923-BFFF-8C729289218C}.Debug|x86.ActiveCfg = Debug|Any CPU
		{C1BF241F-AF44-4923-BFFF-8C729289218C}.Debug|x86.Build.0 = Debug|Any CPU
		{C1BF241F-AF44-4923-BFFF-8C729289218C}.Release|Any CPU.ActiveCfg = Release|Any CPU
		{C1BF241F-AF44-4923-BFFF-8C729289218C}.Release|Any CPU.Build.0 = Release|Any CPU
		{C1BF241F-AF44-4923-BFFF-8C729289218C}.Release|x64.ActiveCfg = Release|Any CPU
		{C1BF241F-AF44-4923-BFFF-8C729289218C}.Release|x64.Build.0 = Release|Any CPU
		{C1BF241F-AF44-4923-BFFF-8C729289218C}.Release|x86.ActiveCfg = Release|Any CPU
		{C1BF241F-AF44-4923-BFFF-8C729289218C}.Release|x86.Build.0 = Release|Any CPU
		{0C200E8C-EFE2-40C6-8ED7-641D5CB3F2A0}.Debug|Any CPU.ActiveCfg = Debug|Any CPU
		{0C200E8C-EFE2-40C6-8ED7-641D5CB3F2A0}.Debug|Any CPU.Build.0 = Debug|Any CPU
		{0C200E8C-EFE2-40C6-8ED7-641D5CB3F2A0}.Debug|x64.ActiveCfg = Debug|Any CPU
		{0C200E8C-EFE2-40C6-8ED7-641D5CB3F2A0}.Debug|x64.Build.0 = Debug|Any CPU
		{0C200E8C-EFE2-40C6-8ED7-641D5CB3F2A0}.Debug|x86.ActiveCfg = Debug|Any CPU
		{0C200E8C-EFE2-40C6-8ED7-641D5CB3F2A0}.Debug|x86.Build.0 = Debug|Any CPU
		{0C200E8C-EFE2-40C6-8ED7-641D5CB3F2A0}.Release|Any CPU.ActiveCfg = Release|Any CPU
		{0C200E8C-EFE2-40C6-8ED7-641D5CB3F2A0}.Release|Any CPU.Build.0 = Release|Any CPU
		{0C200E8C-EFE2-40C6-8ED7-641D5CB3F2A0}.Release|x64.ActiveCfg = Release|Any CPU
		{0C200E8C-EFE2-40C6-8ED7-641D5CB3F2A0}.Release|x64.Build.0 = Release|Any CPU
		{0C200E8C-EFE2-40C6-8ED7-641D5CB3F2A0}.Release|x86.ActiveCfg = Release|Any CPU
		{0C200E8C-EFE2-40C6-8ED7-641D5CB3F2A0}.Release|x86.Build.0 = Release|Any CPU
		{A0607B20-1F64-4F45-89D7-0403112C7094}.Debug|Any CPU.ActiveCfg = Debug|Any CPU
		{A0607B20-1F64-4F45-89D7-0403112C7094}.Debug|Any CPU.Build.0 = Debug|Any CPU
		{A0607B20-1F64-4F45-89D7-0403112C7094}.Debug|x64.ActiveCfg = Debug|Any CPU
		{A0607B20-1F64-4F45-89D7-0403112C7094}.Debug|x64.Build.0 = Debug|Any CPU
		{A0607B20-1F64-4F45-89D7-0403112C7094}.Debug|x86.ActiveCfg = Debug|Any CPU
		{A0607B20-1F64-4F45-89D7-0403112C7094}.Debug|x86.Build.0 = Debug|Any CPU
		{A0607B20-1F64-4F45-89D7-0403112C7094}.Release|Any CPU.ActiveCfg = Release|Any CPU
		{A0607B20-1F64-4F45-89D7-0403112C7094}.Release|Any CPU.Build.0 = Release|Any CPU
		{A0607B20-1F64-4F45-89D7-0403112C7094}.Release|x64.ActiveCfg = Release|Any CPU
		{A0607B20-1F64-4F45-89D7-0403112C7094}.Release|x64.Build.0 = Release|Any CPU
		{A0607B20-1F64-4F45-89D7-0403112C7094}.Release|x86.ActiveCfg = Release|Any CPU
		{A0607B20-1F64-4F45-89D7-0403112C7094}.Release|x86.Build.0 = Release|Any CPU
		{2F422503-4550-4000-8263-1E3DDBC7F867}.Debug|Any CPU.ActiveCfg = Debug|Any CPU
		{2F422503-4550-4000-8263-1E3DDBC7F867}.Debug|Any CPU.Build.0 = Debug|Any CPU
		{2F422503-4550-4000-8263-1E3DDBC7F867}.Debug|x64.ActiveCfg = Debug|Any CPU
		{2F422503-4550-4000-8263-1E3DDBC7F867}.Debug|x64.Build.0 = Debug|Any CPU
		{2F422503-4550-4000-8263-1E3DDBC7F867}.Debug|x86.ActiveCfg = Debug|Any CPU
		{2F422503-4550-4000-8263-1E3DDBC7F867}.Debug|x86.Build.0 = Debug|Any CPU
		{2F422503-4550-4000-8263-1E3DDBC7F867}.Release|Any CPU.ActiveCfg = Release|Any CPU
		{2F422503-4550-4000-8263-1E3DDBC7F867}.Release|Any CPU.Build.0 = Release|Any CPU
		{2F422503-4550-4000-8263-1E3DDBC7F867}.Release|x64.ActiveCfg = Release|Any CPU
		{2F422503-4550-4000-8263-1E3DDBC7F867}.Release|x64.Build.0 = Release|Any CPU
		{2F422503-4550-4000-8263-1E3DDBC7F867}.Release|x86.ActiveCfg = Release|Any CPU
		{2F422503-4550-4000-8263-1E3DDBC7F867}.Release|x86.Build.0 = Release|Any CPU
		{38023351-0E30-4F5B-A4BF-ABCA2148B98C}.Debug|Any CPU.ActiveCfg = Debug|Any CPU
		{38023351-0E30-4F5B-A4BF-ABCA2148B98C}.Debug|Any CPU.Build.0 = Debug|Any CPU
		{38023351-0E30-4F5B-A4BF-ABCA2148B98C}.Debug|x64.ActiveCfg = Debug|Any CPU
		{38023351-0E30-4F5B-A4BF-ABCA2148B98C}.Debug|x64.Build.0 = Debug|Any CPU
		{38023351-0E30-4F5B-A4BF-ABCA2148B98C}.Debug|x86.ActiveCfg = Debug|Any CPU
		{38023351-0E30-4F5B-A4BF-ABCA2148B98C}.Debug|x86.Build.0 = Debug|Any CPU
		{38023351-0E30-4F5B-A4BF-ABCA2148B98C}.Release|Any CPU.ActiveCfg = Release|Any CPU
		{38023351-0E30-4F5B-A4BF-ABCA2148B98C}.Release|Any CPU.Build.0 = Release|Any CPU
		{38023351-0E30-4F5B-A4BF-ABCA2148B98C}.Release|x64.ActiveCfg = Release|Any CPU
		{38023351-0E30-4F5B-A4BF-ABCA2148B98C}.Release|x64.Build.0 = Release|Any CPU
		{38023351-0E30-4F5B-A4BF-ABCA2148B98C}.Release|x86.ActiveCfg = Release|Any CPU
		{38023351-0E30-4F5B-A4BF-ABCA2148B98C}.Release|x86.Build.0 = Release|Any CPU
		{18D38FBD-D4F2-484A-ADD4-DA6D57B28F89}.Debug|Any CPU.ActiveCfg = Debug|Any CPU
		{18D38FBD-D4F2-484A-ADD4-DA6D57B28F89}.Debug|Any CPU.Build.0 = Debug|Any CPU
		{18D38FBD-D4F2-484A-ADD4-DA6D57B28F89}.Debug|x64.ActiveCfg = Debug|Any CPU
		{18D38FBD-D4F2-484A-ADD4-DA6D57B28F89}.Debug|x64.Build.0 = Debug|Any CPU
		{18D38FBD-D4F2-484A-ADD4-DA6D57B28F89}.Debug|x86.ActiveCfg = Debug|Any CPU
		{18D38FBD-D4F2-484A-ADD4-DA6D57B28F89}.Debug|x86.Build.0 = Debug|Any CPU
		{18D38FBD-D4F2-484A-ADD4-DA6D57B28F89}.Release|Any CPU.ActiveCfg = Release|Any CPU
		{18D38FBD-D4F2-484A-ADD4-DA6D57B28F89}.Release|Any CPU.Build.0 = Release|Any CPU
		{18D38FBD-D4F2-484A-ADD4-DA6D57B28F89}.Release|x64.ActiveCfg = Release|Any CPU
		{18D38FBD-D4F2-484A-ADD4-DA6D57B28F89}.Release|x64.Build.0 = Release|Any CPU
		{18D38FBD-D4F2-484A-ADD4-DA6D57B28F89}.Release|x86.ActiveCfg = Release|Any CPU
		{18D38FBD-D4F2-484A-ADD4-DA6D57B28F89}.Release|x86.Build.0 = Release|Any CPU
		{566CFC58-0A8F-4BA6-A562-CA55098CA975}.Debug|Any CPU.ActiveCfg = Debug|Any CPU
		{566CFC58-0A8F-4BA6-A562-CA55098CA975}.Debug|Any CPU.Build.0 = Debug|Any CPU
		{566CFC58-0A8F-4BA6-A562-CA55098CA975}.Debug|x64.ActiveCfg = Debug|Any CPU
		{566CFC58-0A8F-4BA6-A562-CA55098CA975}.Debug|x64.Build.0 = Debug|Any CPU
		{566CFC58-0A8F-4BA6-A562-CA55098CA975}.Debug|x86.ActiveCfg = Debug|Any CPU
		{566CFC58-0A8F-4BA6-A562-CA55098CA975}.Debug|x86.Build.0 = Debug|Any CPU
		{566CFC58-0A8F-4BA6-A562-CA55098CA975}.Release|Any CPU.ActiveCfg = Release|Any CPU
		{566CFC58-0A8F-4BA6-A562-CA55098CA975}.Release|Any CPU.Build.0 = Release|Any CPU
		{566CFC58-0A8F-4BA6-A562-CA55098CA975}.Release|x64.ActiveCfg = Release|Any CPU
		{566CFC58-0A8F-4BA6-A562-CA55098CA975}.Release|x64.Build.0 = Release|Any CPU
		{566CFC58-0A8F-4BA6-A562-CA55098CA975}.Release|x86.ActiveCfg = Release|Any CPU
		{566CFC58-0A8F-4BA6-A562-CA55098CA975}.Release|x86.Build.0 = Release|Any CPU
		{9C4014A6-F00D-409B-ABA4-FE59DC384E9D}.Debug|Any CPU.ActiveCfg = Debug|Any CPU
		{9C4014A6-F00D-409B-ABA4-FE59DC384E9D}.Debug|Any CPU.Build.0 = Debug|Any CPU
		{9C4014A6-F00D-409B-ABA4-FE59DC384E9D}.Debug|x64.ActiveCfg = Debug|Any CPU
		{9C4014A6-F00D-409B-ABA4-FE59DC384E9D}.Debug|x64.Build.0 = Debug|Any CPU
		{9C4014A6-F00D-409B-ABA4-FE59DC384E9D}.Debug|x86.ActiveCfg = Debug|Any CPU
		{9C4014A6-F00D-409B-ABA4-FE59DC384E9D}.Debug|x86.Build.0 = Debug|Any CPU
		{9C4014A6-F00D-409B-ABA4-FE59DC384E9D}.Release|Any CPU.ActiveCfg = Release|Any CPU
		{9C4014A6-F00D-409B-ABA4-FE59DC384E9D}.Release|Any CPU.Build.0 = Release|Any CPU
		{9C4014A6-F00D-409B-ABA4-FE59DC384E9D}.Release|x64.ActiveCfg = Release|Any CPU
		{9C4014A6-F00D-409B-ABA4-FE59DC384E9D}.Release|x64.Build.0 = Release|Any CPU
		{9C4014A6-F00D-409B-ABA4-FE59DC384E9D}.Release|x86.ActiveCfg = Release|Any CPU
		{9C4014A6-F00D-409B-ABA4-FE59DC384E9D}.Release|x86.Build.0 = Release|Any CPU
	EndGlobalSection
	GlobalSection(SolutionProperties) = preSolution
		HideSolutionNode = FALSE
	EndGlobalSection
	GlobalSection(NestedProjects) = preSolution
		{81034408-37C8-1011-444E-4C15C2FADA8E} = {827E0CD3-B72D-47B6-A68D-7590B98EB39B}
		{640057AE-52B7-4A41-BED6-72304AF02A0F} = {81034408-37C8-1011-444E-4C15C2FADA8E}
		{C8E42992-5E42-0C2B-DBFE-AA848D06431C} = {827E0CD3-B72D-47B6-A68D-7590B98EB39B}
		{F479FE17-87EF-422F-9906-2D5EC1DBE19C} = {C8E42992-5E42-0C2B-DBFE-AA848D06431C}
		{EB011FFF-8DDA-40EA-9E44-6DCF59D3BA63} = {C8E42992-5E42-0C2B-DBFE-AA848D06431C}
		{CAACB5CA-C373-45FF-86B3-CE83550DAB62} = {C8E42992-5E42-0C2B-DBFE-AA848D06431C}
		{EC447DCF-ABFA-6E24-52A5-D7FD48A5C558} = {827E0CD3-B72D-47B6-A68D-7590B98EB39B}
		{2432F46A-42A5-275F-FDC5-C84427A302F0} = {EC447DCF-ABFA-6E24-52A5-D7FD48A5C558}
		{0CFC134E-19E0-44C0-BD1F-D6B23B061076} = {2432F46A-42A5-275F-FDC5-C84427A302F0}
		{5AABFC5C-9BDE-4FF6-A2DD-A5F110173B87} = {2432F46A-42A5-275F-FDC5-C84427A302F0}
		{C1BF241F-AF44-4923-BFFF-8C729289218C} = {2432F46A-42A5-275F-FDC5-C84427A302F0}
		{74F326FE-6E33-A37D-9E67-C78EBBA03B12} = {EC447DCF-ABFA-6E24-52A5-D7FD48A5C558}
		{0C200E8C-EFE2-40C6-8ED7-641D5CB3F2A0} = {74F326FE-6E33-A37D-9E67-C78EBBA03B12}
		{A0607B20-1F64-4F45-89D7-0403112C7094} = {74F326FE-6E33-A37D-9E67-C78EBBA03B12}
		{2F422503-4550-4000-8263-1E3DDBC7F867} = {74F326FE-6E33-A37D-9E67-C78EBBA03B12}
		{9BF2A726-9349-1429-64E4-F5B69F0CD98D} = {EC447DCF-ABFA-6E24-52A5-D7FD48A5C558}
		{38023351-0E30-4F5B-A4BF-ABCA2148B98C} = {9BF2A726-9349-1429-64E4-F5B69F0CD98D}
		{18D38FBD-D4F2-484A-ADD4-DA6D57B28F89} = {9BF2A726-9349-1429-64E4-F5B69F0CD98D}
		{566CFC58-0A8F-4BA6-A562-CA55098CA975} = {9BF2A726-9349-1429-64E4-F5B69F0CD98D}
		{9C4014A6-F00D-409B-ABA4-FE59DC384E9D} = {0AB3BF05-4346-4AA6-1389-037BE0695223}
	EndGlobalSection
EndGlobal
